<?xml version="1.0" encoding="utf-8"?>
<Project ToolsVersion="4.0" xmlns="http://schemas.microsoft.com/developer/msbuild/2003">
  <ItemGroup>
    <Filter Include="Externs">
      <UniqueIdentifier>{5978eb14-7b9d-4dc0-bc99-d49237a9f400}</UniqueIdentifier>
    </Filter>
    <Filter Include="Wrappers">
      <UniqueIdentifier>{96bd0d30-e2bb-440d-9f5d-132dd47c14e2}</UniqueIdentifier>
    </Filter>
    <Filter Include="Externs\squirrel3">
      <UniqueIdentifier>{e2db9906-12e3-432c-a5a2-3f216c080b7b}</UniqueIdentifier>
    </Filter>
    <Filter Include="Externs\sqrat">
      <UniqueIdentifier>{6e8bc617-b38f-4d8e-8da0-1773044e64d4}</UniqueIdentifier>
    </Filter>
    <Filter Include="Externs\squirrel3\squirrel">
      <UniqueIdentifier>{52c34db3-7733-4324-85fa-a116a72c2f3c}</UniqueIdentifier>
    </Filter>
    <Filter Include="Externs\squirrel3\sqstdlib">
      <UniqueIdentifier>{77808f54-9126-40d1-8068-3aa00623c40f}</UniqueIdentifier>
    </Filter>
    <Filter Include="Externs\sqrat\sqrat">
      <UniqueIdentifier>{d1377007-4a13-47b7-839f-16576f4855c4}</UniqueIdentifier>
    </Filter>
    <Filter Include="Resources">
      <UniqueIdentifier>{d4454c4f-43f5-4462-ba5c-7cdebf0fb35b}</UniqueIdentifier>
    </Filter>
    <Filter Include="Utils">
      <UniqueIdentifier>{91384d17-82a3-4992-930a-371dd4d5d84c}</UniqueIdentifier>
    </Filter>
    <Filter Include="Games">
      <UniqueIdentifier>{e6c548a0-a4d8-4fa8-b1a6-2ae94ffda95c}</UniqueIdentifier>
    </Filter>
    <Filter Include="Games\DeepSpace">
      <UniqueIdentifier>{bf388244-42fe-4d85-b510-928e7d463ccc}</UniqueIdentifier>
    </Filter>
    <Filter Include="Games\DeepSpace\buildings">
      <UniqueIdentifier>{09d735d4-370d-467c-acc6-54a5d2a0e906}</UniqueIdentifier>
    </Filter>
    <Filter Include="Games\DeepSpace\ui">
      <UniqueIdentifier>{64e69066-4940-4ff6-bb72-51c9d30c1690}</UniqueIdentifier>
    </Filter>
    <Filter Include="Games\DeepSpace\screens">
      <UniqueIdentifier>{9d09528b-dd1e-4e60-b46d-bd3313b4f08b}</UniqueIdentifier>
    </Filter>
    <Filter Include="Games\Adventure">
      <UniqueIdentifier>{744fc9fb-5367-445a-a20a-a9299250151b}</UniqueIdentifier>
    </Filter>
    <Filter Include="Games\Bomberman">
      <UniqueIdentifier>{452e9771-c4a9-4075-be65-aca1c2e3765e}</UniqueIdentifier>
    </Filter>
    <Filter Include="Games\Deflector">
      <UniqueIdentifier>{d36c8c67-b986-4461-bf2a-ff47e4de0291}</UniqueIdentifier>
    </Filter>
    <Filter Include="Games\Deflector\common">
      <UniqueIdentifier>{eb45928b-79e4-4279-9b03-dbcc3d77ea98}</UniqueIdentifier>
    </Filter>
    <Filter Include="Games\Deflector\levels">
      <UniqueIdentifier>{6906fec7-5d5c-4f0e-b7b2-75a6298c2459}</UniqueIdentifier>
    </Filter>
    <Filter Include="Games\Deflector\objects">
      <UniqueIdentifier>{db5bd4d6-ba49-486b-9483-00f6c574d059}</UniqueIdentifier>
    </Filter>
    <Filter Include="Games\Deflector\states">
      <UniqueIdentifier>{01462c40-664f-4b69-842b-1a775a71e4d3}</UniqueIdentifier>
    </Filter>
    <Filter Include="Games\Deflector\ui">
      <UniqueIdentifier>{46120cb1-0740-4633-8194-2856da26f78d}</UniqueIdentifier>
    </Filter>
    <Filter Include="Games\TDS">
      <UniqueIdentifier>{2d30da41-1914-44d7-b254-8d75d16d61a1}</UniqueIdentifier>
    </Filter>
    <Filter Include="Games\Breakout">
      <UniqueIdentifier>{668f0d34-a8dc-4100-b4d6-c29d7c645eb6}</UniqueIdentifier>
    </Filter>
    <Filter Include="Games\Breakout\ui">
      <UniqueIdentifier>{548bdcc1-80d4-4ef7-8b4e-f4bccad8ba06}</UniqueIdentifier>
    </Filter>
    <Filter Include="Games\Breakout\screens">
      <UniqueIdentifier>{bf1ac15e-cb8f-4e93-900e-2510a6f0a090}</UniqueIdentifier>
    </Filter>
  </ItemGroup>
  <ItemGroup>
    <ClInclude Include="..\Externs\sqrat\sqrat.h">
      <Filter>Externs\sqrat</Filter>
    </ClInclude>
    <ClInclude Include="..\Externs\sqrat\sqrat\sqratAllocator.h">
      <Filter>Externs\sqrat\sqrat</Filter>
    </ClInclude>
    <ClInclude Include="..\Externs\sqrat\sqrat\sqratArray.h">
      <Filter>Externs\sqrat\sqrat</Filter>
    </ClInclude>
    <ClInclude Include="..\Externs\sqrat\sqrat\sqratClass.h">
      <Filter>Externs\sqrat\sqrat</Filter>
    </ClInclude>
    <ClInclude Include="..\Externs\sqrat\sqrat\sqratClassType.h">
      <Filter>Externs\sqrat\sqrat</Filter>
    </ClInclude>
    <ClInclude Include="..\Externs\sqrat\sqrat\sqratConst.h">
      <Filter>Externs\sqrat\sqrat</Filter>
    </ClInclude>
    <ClInclude Include="..\Externs\sqrat\sqrat\sqratFunction.h">
      <Filter>Externs\sqrat\sqrat</Filter>
    </ClInclude>
    <ClInclude Include="..\Externs\sqrat\sqrat\sqratGlobalMethods.h">
      <Filter>Externs\sqrat\sqrat</Filter>
    </ClInclude>
    <ClInclude Include="..\Externs\sqrat\sqrat\sqratMemberMethods.h">
      <Filter>Externs\sqrat\sqrat</Filter>
    </ClInclude>
    <ClInclude Include="..\Externs\sqrat\sqrat\sqratObject.h">
      <Filter>Externs\sqrat\sqrat</Filter>
    </ClInclude>
    <ClInclude Include="..\Externs\sqrat\sqrat\sqratOverloadMethods.h">
      <Filter>Externs\sqrat\sqrat</Filter>
    </ClInclude>
    <ClInclude Include="..\Externs\sqrat\sqrat\sqratTable.h">
      <Filter>Externs\sqrat\sqrat</Filter>
    </ClInclude>
    <ClInclude Include="..\Externs\sqrat\sqrat\sqratTypes.h">
      <Filter>Externs\sqrat\sqrat</Filter>
    </ClInclude>
    <ClInclude Include="..\Externs\sqrat\sqrat\sqratUtil.h">
      <Filter>Externs\sqrat\sqrat</Filter>
    </ClInclude>
    <ClInclude Include="WaloPlayer.hpp" />
    <ClInclude Include="Wrappers\VectorWrapper.hpp">
      <Filter>Wrappers</Filter>
    </ClInclude>
    <ClInclude Include="Wrappers\TextureWrapper.hpp">
      <Filter>Wrappers</Filter>
    </ClInclude>
    <ClInclude Include="Wrappers\Sprite2DWrapper.hpp">
      <Filter>Wrappers</Filter>
    </ClInclude>
    <ClInclude Include="Wrappers\RectWrapper.hpp">
      <Filter>Wrappers</Filter>
    </ClInclude>
    <ClInclude Include="Wrappers\Text2DWrapper.hpp">
      <Filter>Wrappers</Filter>
    </ClInclude>
    <ClInclude Include="Wrappers\FontWrapper.hpp">
      <Filter>Wrappers</Filter>
    </ClInclude>
    <ClInclude Include="Wrappers\ColorWrapper.hpp">
      <Filter>Wrappers</Filter>
    </ClInclude>
    <ClInclude Include="Wrappers\Node2DWrapper.hpp">
      <Filter>Wrappers</Filter>
    </ClInclude>
    <ClInclude Include="Wrappers\NodeWrapper.hpp">
      <Filter>Wrappers</Filter>
    </ClInclude>
    <ClInclude Include="Wrappers\Node3DWrapper.hpp">
      <Filter>Wrappers</Filter>
    </ClInclude>
    <ClInclude Include="Wrappers\Model3DWrapper.hpp">
      <Filter>Wrappers</Filter>
    </ClInclude>
    <ClInclude Include="Wrappers\MeshWrapper.hpp">
      <Filter>Wrappers</Filter>
    </ClInclude>
    <ClInclude Include="Wrappers\MaterialWrapper.hpp">
      <Filter>Wrappers</Filter>
    </ClInclude>
    <ClInclude Include="Wrappers\Camera3DWrapper.hpp">
      <Filter>Wrappers</Filter>
    </ClInclude>
    <ClInclude Include="Wrappers\TileMap2DWrapper.hpp">
      <Filter>Wrappers</Filter>
    </ClInclude>
    <ClInclude Include="Wrappers\MathWrapper.hpp">
      <Filter>Wrappers</Filter>
    </ClInclude>
    <ClInclude Include="Wrappers\ComponentWrapper.hpp">
      <Filter>Wrappers</Filter>
    </ClInclude>
    <ClInclude Include="Wrappers\SoundSourceWrapper.hpp">
      <Filter>Wrappers</Filter>
    </ClInclude>
    <ClInclude Include="Wrappers\SoundStreamWrapper.hpp">
      <Filter>Wrappers</Filter>
    </ClInclude>
    <ClInclude Include="Wrappers\RigidBody2DWrapper.hpp">
      <Filter>Wrappers</Filter>
    </ClInclude>
    <ClInclude Include="Wrappers\CollisionBox2DWrapper.hpp">
      <Filter>Wrappers</Filter>
    </ClInclude>
    <ClInclude Include="Wrappers\CollisionShape2DWrapper.hpp">
      <Filter>Wrappers</Filter>
    </ClInclude>
    <ClInclude Include="Wrappers\AssetWrapper.hpp">
      <Filter>Wrappers</Filter>
    </ClInclude>
    <ClInclude Include="Wrappers\AssetsDBWrapper.hpp">
      <Filter>Wrappers</Filter>
    </ClInclude>
    <ClInclude Include="Wrappers\InputSystemWrapper.hpp">
      <Filter>Wrappers</Filter>
    </ClInclude>
    <ClInclude Include="Wrappers\Progress2DWrapper.hpp">
      <Filter>Wrappers</Filter>
    </ClInclude>
    <ClInclude Include="Wrappers\SaveFileWrapper.hpp">
      <Filter>Wrappers</Filter>
    </ClInclude>
    <ClInclude Include="Utils\Serializer.hpp">
      <Filter>Utils</Filter>
    </ClInclude>
    <ClInclude Include="..\Externs\squirrel3\sqconfig.h">
      <Filter>Externs\squirrel3</Filter>
    </ClInclude>
    <ClInclude Include="..\Externs\squirrel3\sqstdaux.h">
      <Filter>Externs\squirrel3</Filter>
    </ClInclude>
    <ClInclude Include="..\Externs\squirrel3\sqstdblob.h">
      <Filter>Externs\squirrel3</Filter>
    </ClInclude>
    <ClInclude Include="..\Externs\squirrel3\sqstdio.h">
      <Filter>Externs\squirrel3</Filter>
    </ClInclude>
    <ClInclude Include="..\Externs\squirrel3\sqstdmath.h">
      <Filter>Externs\squirrel3</Filter>
    </ClInclude>
    <ClInclude Include="..\Externs\squirrel3\sqstdstring.h">
      <Filter>Externs\squirrel3</Filter>
    </ClInclude>
    <ClInclude Include="..\Externs\squirrel3\sqstdsystem.h">
      <Filter>Externs\squirrel3</Filter>
    </ClInclude>
    <ClInclude Include="..\Externs\squirrel3\squirrel.h">
      <Filter>Externs\squirrel3</Filter>
    </ClInclude>
    <ClInclude Include="..\Externs\squirrel3\sqstdlib\sqstdblobimpl.h">
      <Filter>Externs\squirrel3\sqstdlib</Filter>
    </ClInclude>
    <ClInclude Include="..\Externs\squirrel3\sqstdlib\sqstdstream.h">
      <Filter>Externs\squirrel3\sqstdlib</Filter>
    </ClInclude>
    <ClInclude Include="..\Externs\squirrel3\squirrel\sqarray.h">
      <Filter>Externs\squirrel3\squirrel</Filter>
    </ClInclude>
    <ClInclude Include="..\Externs\squirrel3\squirrel\sqclass.h">
      <Filter>Externs\squirrel3\squirrel</Filter>
    </ClInclude>
    <ClInclude Include="..\Externs\squirrel3\squirrel\sqclosure.h">
      <Filter>Externs\squirrel3\squirrel</Filter>
    </ClInclude>
    <ClInclude Include="..\Externs\squirrel3\squirrel\sqcompiler.h">
      <Filter>Externs\squirrel3\squirrel</Filter>
    </ClInclude>
    <ClInclude Include="..\Externs\squirrel3\squirrel\sqfuncproto.h">
      <Filter>Externs\squirrel3\squirrel</Filter>
    </ClInclude>
    <ClInclude Include="..\Externs\squirrel3\squirrel\sqfuncstate.h">
      <Filter>Externs\squirrel3\squirrel</Filter>
    </ClInclude>
    <ClInclude Include="..\Externs\squirrel3\squirrel\sqlexer.h">
      <Filter>Externs\squirrel3\squirrel</Filter>
    </ClInclude>
    <ClInclude Include="..\Externs\squirrel3\squirrel\sqobject.h">
      <Filter>Externs\squirrel3\squirrel</Filter>
    </ClInclude>
    <ClInclude Include="..\Externs\squirrel3\squirrel\sqopcodes.h">
      <Filter>Externs\squirrel3\squirrel</Filter>
    </ClInclude>
    <ClInclude Include="..\Externs\squirrel3\squirrel\sqpcheader.h">
      <Filter>Externs\squirrel3\squirrel</Filter>
    </ClInclude>
    <ClInclude Include="..\Externs\squirrel3\squirrel\sqstate.h">
      <Filter>Externs\squirrel3\squirrel</Filter>
    </ClInclude>
    <ClInclude Include="..\Externs\squirrel3\squirrel\sqstring.h">
      <Filter>Externs\squirrel3\squirrel</Filter>
    </ClInclude>
    <ClInclude Include="..\Externs\squirrel3\squirrel\sqtable.h">
      <Filter>Externs\squirrel3\squirrel</Filter>
    </ClInclude>
    <ClInclude Include="..\Externs\squirrel3\squirrel\squserdata.h">
      <Filter>Externs\squirrel3\squirrel</Filter>
    </ClInclude>
    <ClInclude Include="..\Externs\squirrel3\squirrel\squtf8.h">
      <Filter>Externs\squirrel3\squirrel</Filter>
    </ClInclude>
    <ClInclude Include="..\Externs\squirrel3\squirrel\squtils.h">
      <Filter>Externs\squirrel3\squirrel</Filter>
    </ClInclude>
    <ClInclude Include="..\Externs\squirrel3\squirrel\sqvm.h">
      <Filter>Externs\squirrel3\squirrel</Filter>
    </ClInclude>
    <ClInclude Include="..\Externs\squirrel3\squirrel\vartrace.h">
      <Filter>Externs\squirrel3\squirrel</Filter>
    </ClInclude>
  </ItemGroup>
  <ItemGroup>
    <ClCompile Include="WaloPlayer.cpp" />
    <ClCompile Include="..\Externs\squirrel3\sqstdlib\sqstdaux.cpp">
      <Filter>Externs\squirrel3\sqstdlib</Filter>
    </ClCompile>
    <ClCompile Include="..\Externs\squirrel3\sqstdlib\sqstdblob.cpp">
      <Filter>Externs\squirrel3\sqstdlib</Filter>
    </ClCompile>
    <ClCompile Include="..\Externs\squirrel3\sqstdlib\sqstdio.cpp">
      <Filter>Externs\squirrel3\sqstdlib</Filter>
    </ClCompile>
    <ClCompile Include="..\Externs\squirrel3\sqstdlib\sqstdmath.cpp">
      <Filter>Externs\squirrel3\sqstdlib</Filter>
    </ClCompile>
    <ClCompile Include="..\Externs\squirrel3\sqstdlib\sqstdrex.cpp">
      <Filter>Externs\squirrel3\sqstdlib</Filter>
    </ClCompile>
    <ClCompile Include="..\Externs\squirrel3\sqstdlib\sqstdstream.cpp">
      <Filter>Externs\squirrel3\sqstdlib</Filter>
    </ClCompile>
    <ClCompile Include="..\Externs\squirrel3\sqstdlib\sqstdstring.cpp">
      <Filter>Externs\squirrel3\sqstdlib</Filter>
    </ClCompile>
    <ClCompile Include="..\Externs\squirrel3\sqstdlib\sqstdsystem.cpp">
      <Filter>Externs\squirrel3\sqstdlib</Filter>
    </ClCompile>
    <ClCompile Include="..\Externs\squirrel3\squirrel\sqapi.cpp">
      <Filter>Externs\squirrel3\squirrel</Filter>
    </ClCompile>
    <ClCompile Include="..\Externs\squirrel3\squirrel\sqbaselib.cpp">
      <Filter>Externs\squirrel3\squirrel</Filter>
    </ClCompile>
    <ClCompile Include="..\Externs\squirrel3\squirrel\sqclass.cpp">
      <Filter>Externs\squirrel3\squirrel</Filter>
    </ClCompile>
    <ClCompile Include="..\Externs\squirrel3\squirrel\sqcompiler.cpp">
      <Filter>Externs\squirrel3\squirrel</Filter>
    </ClCompile>
    <ClCompile Include="..\Externs\squirrel3\squirrel\sqdebug.cpp">
      <Filter>Externs\squirrel3\squirrel</Filter>
    </ClCompile>
    <ClCompile Include="..\Externs\squirrel3\squirrel\sqfuncstate.cpp">
      <Filter>Externs\squirrel3\squirrel</Filter>
    </ClCompile>
    <ClCompile Include="..\Externs\squirrel3\squirrel\sqlexer.cpp">
      <Filter>Externs\squirrel3\squirrel</Filter>
    </ClCompile>
    <ClCompile Include="..\Externs\squirrel3\squirrel\sqmem.cpp">
      <Filter>Externs\squirrel3\squirrel</Filter>
    </ClCompile>
    <ClCompile Include="..\Externs\squirrel3\squirrel\sqobject.cpp">
      <Filter>Externs\squirrel3\squirrel</Filter>
    </ClCompile>
    <ClCompile Include="..\Externs\squirrel3\squirrel\sqstate.cpp">
      <Filter>Externs\squirrel3\squirrel</Filter>
    </ClCompile>
    <ClCompile Include="..\Externs\squirrel3\squirrel\sqtable.cpp">
      <Filter>Externs\squirrel3\squirrel</Filter>
    </ClCompile>
    <ClCompile Include="..\Externs\squirrel3\squirrel\sqvm.cpp">
      <Filter>Externs\squirrel3\squirrel</Filter>
    </ClCompile>
    <ClCompile Include="..\Externs\squirrel3\squirrel\sqdirect.cpp">
      <Filter>Externs\squirrel3\squirrel</Filter>
    </ClCompile>
    <ClCompile Include="..\Externs\squirrel3\squirrel\vartrace.cpp">
      <Filter>Externs\squirrel3\squirrel</Filter>
    </ClCompile>
    <ClCompile Include="..\Externs\squirrel3\squirrel\vartracestub.cpp">
      <Filter>Externs\squirrel3\squirrel</Filter>
    </ClCompile>
  </ItemGroup>
  <ItemGroup>
    <Resource Include="..\WaloEngine.res">
      <Filter>Resources</Filter>
    </Resource>
  </ItemGroup>
  <ItemGroup>
    <None Include="..\..\deepspace-game\basemap.nut">
      <Filter>Games\DeepSpace</Filter>
    </None>
    <None Include="..\..\deepspace-game\main.nut">
      <Filter>Games\DeepSpace</Filter>
    </None>
    <None Include="..\..\deepspace-game\buildings\builder.nut">
      <Filter>Games\DeepSpace\buildings</Filter>
    </None>
    <None Include="..\..\deepspace-game\buildings\building.nut">
      <Filter>Games\DeepSpace\buildings</Filter>
    </None>
    <None Include="..\..\deepspace-game\buildings\dkbuilding.nut">
      <Filter>Games\DeepSpace\buildings</Filter>
    </None>
    <None Include="..\..\deepspace-game\buildings\dmbuilding.nut">
      <Filter>Games\DeepSpace\buildings</Filter>
    </None>
    <None Include="..\..\deepspace-game\buildings\esbuilding.nut">
      <Filter>Games\DeepSpace\buildings</Filter>
    </None>
    <None Include="..\..\deepspace-game\buildings\fabricator.nut">
      <Filter>Games\DeepSpace\buildings</Filter>
    </None>
    <None Include="..\..\deepspace-game\buildings\hqbuilding.nut">
      <Filter>Games\DeepSpace\buildings</Filter>
    </None>
    <None Include="..\..\deepspace-game\buildings\platform.nut">
      <Filter>Games\DeepSpace\buildings</Filter>
    </None>
    <None Include="..\..\deepspace-game\ui\bar.nut">
      <Filter>Games\DeepSpace\ui</Filter>
    </None>
    <None Include="..\..\deepspace-game\ui\button.nut">
      <Filter>Games\DeepSpace\ui</Filter>
    </None>
    <None Include="..\..\deepspace-game\ui\icon.nut">
      <Filter>Games\DeepSpace\ui</Filter>
    </None>
    <None Include="..\..\deepspace-game\ui\iconbutton.nut">
      <Filter>Games\DeepSpace\ui</Filter>
    </None>
    <None Include="..\..\deepspace-game\ui\itemlist.nut">
      <Filter>Games\DeepSpace\ui</Filter>
    </None>
    <None Include="..\..\deepspace-game\ui\panel.nut">
      <Filter>Games\DeepSpace\ui</Filter>
    </None>
    <None Include="..\..\deepspace-game\ui\progress.nut">
      <Filter>Games\DeepSpace\ui</Filter>
    </None>
    <None Include="..\..\deepspace-game\ui\skinbutton.nut">
      <Filter>Games\DeepSpace\ui</Filter>
    </None>
    <None Include="..\..\deepspace-game\ui\skinpanel.nut">
      <Filter>Games\DeepSpace\ui</Filter>
    </None>
    <None Include="..\..\deepspace-game\ui\skinprogress.nut">
      <Filter>Games\DeepSpace\ui</Filter>
    </None>
    <None Include="..\..\deepspace-game\ui\skintext.nut">
      <Filter>Games\DeepSpace\ui</Filter>
    </None>
    <None Include="..\..\deepspace-game\ui\textbox.nut">
      <Filter>Games\DeepSpace\ui</Filter>
    </None>
    <None Include="..\..\deepspace-game\ui\ui.nut">
      <Filter>Games\DeepSpace\ui</Filter>
    </None>
    <None Include="..\..\deepspace-game\screens\dkscreen.nut">
      <Filter>Games\DeepSpace\screens</Filter>
    </None>
    <None Include="..\..\deepspace-game\screens\editpopup.nut">
      <Filter>Games\DeepSpace\screens</Filter>
    </None>
    <None Include="..\..\deepspace-game\screens\hqscreen.nut">
      <Filter>Games\DeepSpace\screens</Filter>
    </None>
    <None Include="..\..\deepspace-game\screens\hudpanel.nut">
      <Filter>Games\DeepSpace\screens</Filter>
    </None>
    <None Include="..\..\deepspace-game\screens\screen.nut">
      <Filter>Games\DeepSpace\screens</Filter>
    </None>
    <None Include="..\..\deepspace-game\screens\spacebase.nut">
      <Filter>Games\DeepSpace\screens</Filter>
    </None>
    <None Include="..\..\deepspace-game\battlemap.nut">
      <Filter>Games\DeepSpace</Filter>
    </None>
    <None Include="..\..\deepspace-game\battlesquad.nut">
      <Filter>Games\DeepSpace</Filter>
    </None>
    <None Include="..\..\adventure-game\chest.nut">
      <Filter>Games\Adventure</Filter>
    </None>
    <None Include="..\..\adventure-game\dungeon.nut">
      <Filter>Games\Adventure</Filter>
    </None>
    <None Include="..\..\adventure-game\enemy.nut">
      <Filter>Games\Adventure</Filter>
    </None>
    <None Include="..\..\adventure-game\game.nut">
      <Filter>Games\Adventure</Filter>
    </None>
    <None Include="..\..\adventure-game\hud.nut">
      <Filter>Games\Adventure</Filter>
    </None>
    <None Include="..\..\adventure-game\main.nut">
      <Filter>Games\Adventure</Filter>
    </None>
    <None Include="..\..\adventure-game\menu.nut">
      <Filter>Games\Adventure</Filter>
    </None>
    <None Include="..\..\adventure-game\player.nut">
      <Filter>Games\Adventure</Filter>
    </None>
    <None Include="..\..\adventure-game\state.nut">
      <Filter>Games\Adventure</Filter>
    </None>
    <None Include="..\..\adventure-game\unit.nut">
      <Filter>Games\Adventure</Filter>
    </None>
    <None Include="..\..\deepspace-game\screens\debrifing.nut">
      <Filter>Games\DeepSpace\screens</Filter>
    </None>
    <None Include="..\..\deepspace-game\spacemap.nut">
      <Filter>Games\DeepSpace</Filter>
    </None>
    <None Include="..\..\deepspace-game\hexmap.nut">
      <Filter>Games\DeepSpace</Filter>
    </None>
    <None Include="..\..\deepspace-game\screens\exploremap.nut">
      <Filter>Games\DeepSpace\screens</Filter>
    </None>
    <None Include="..\..\deepspace-game\screens\battlescreen.nut">
      <Filter>Games\DeepSpace\screens</Filter>
    </None>
    <None Include="..\..\bomberman-game\bomb.nut">
      <Filter>Games\Bomberman</Filter>
    </None>
    <None Include="..\..\bomberman-game\enemy.nut">
      <Filter>Games\Bomberman</Filter>
    </None>
    <None Include="..\..\bomberman-game\game.nut">
      <Filter>Games\Bomberman</Filter>
    </None>
    <None Include="..\..\bomberman-game\gpad.nut">
      <Filter>Games\Bomberman</Filter>
    </None>
    <None Include="..\..\bomberman-game\item.nut">
      <Filter>Games\Bomberman</Filter>
    </None>
    <None Include="..\..\bomberman-game\main.nut">
      <Filter>Games\Bomberman</Filter>
    </None>
    <None Include="..\..\bomberman-game\menu.nut">
      <Filter>Games\Bomberman</Filter>
    </None>
    <None Include="..\..\bomberman-game\player.nut">
      <Filter>Games\Bomberman</Filter>
    </None>
    <None Include="..\..\bomberman-game\sndmgr.nut">
      <Filter>Games\Bomberman</Filter>
    </None>
    <None Include="..\..\bomberman-game\state.nut">
      <Filter>Games\Bomberman</Filter>
    </None>
    <None Include="..\..\bomberman-game\tile.nut">
      <Filter>Games\Bomberman</Filter>
    </None>
    <None Include="..\..\bomberman-game\unit.nut">
      <Filter>Games\Bomberman</Filter>
    </None>
    <None Include="..\..\tds-game\ammo.nut">
      <Filter>Games\TDS</Filter>
    </None>
    <None Include="..\..\tds-game\bullet.nut">
      <Filter>Games\TDS</Filter>
    </None>
    <None Include="..\..\tds-game\enemy.nut">
      <Filter>Games\TDS</Filter>
    </None>
    <None Include="..\..\tds-game\game.nut">
      <Filter>Games\TDS</Filter>
    </None>
    <None Include="..\..\tds-game\gpad.nut">
      <Filter>Games\TDS</Filter>
    </None>
    <None Include="..\..\tds-game\main.nut">
      <Filter>Games\TDS</Filter>
    </None>
    <None Include="..\..\tds-game\menu.nut">
      <Filter>Games\TDS</Filter>
    </None>
    <None Include="..\..\tds-game\player.nut">
      <Filter>Games\TDS</Filter>
    </None>
    <None Include="..\..\tds-game\scores.nut">
      <Filter>Games\TDS</Filter>
    </None>
    <None Include="..\..\tds-game\state.nut">
      <Filter>Games\TDS</Filter>
    </None>
    <None Include="..\..\tds-game\unit.nut">
      <Filter>Games\TDS</Filter>
    </None>
    <None Include="..\..\deflektor-game\main.nut">
      <Filter>Games\Deflector</Filter>
    </None>
    <None Include="..\..\deflektor-game\common\grid.nut">
      <Filter>Games\Deflector\common</Filter>
    </None>
    <None Include="..\..\deflektor-game\common\gridcell.nut">
      <Filter>Games\Deflector\common</Filter>
    </None>
    <None Include="..\..\deflektor-game\common\ray.nut">
      <Filter>Games\Deflector\common</Filter>
    </None>
    <None Include="..\..\deflektor-game\common\raysprite.nut">
      <Filter>Games\Deflector\common</Filter>
    </None>
    <None Include="..\..\deflektor-game\common\soundmanager.nut">
      <Filter>Games\Deflector\common</Filter>
    </None>
    <None Include="..\..\deflektor-game\levels\level.nut">
      <Filter>Games\Deflector\levels</Filter>
    </None>
    <None Include="..\..\deflektor-game\levels\level_01.nut">
      <Filter>Games\Deflector\levels</Filter>
    </None>
    <None Include="..\..\deflektor-game\levels\level_02.nut">
      <Filter>Games\Deflector\levels</Filter>
    </None>
    <None Include="..\..\deflektor-game\levels\level_03.nut">
      <Filter>Games\Deflector\levels</Filter>
    </None>
    <None Include="..\..\deflektor-game\levels\level_04.nut">
      <Filter>Games\Deflector\levels</Filter>
    </None>
    <None Include="..\..\deflektor-game\levels\level_05.nut">
      <Filter>Games\Deflector\levels</Filter>
    </None>
    <None Include="..\..\deflektor-game\levels\level_06.nut">
      <Filter>Games\Deflector\levels</Filter>
    </None>
    <None Include="..\..\deflektor-game\levels\level_07.nut">
      <Filter>Games\Deflector\levels</Filter>
    </None>
    <None Include="..\..\deflektor-game\levels\level_08.nut">
      <Filter>Games\Deflector\levels</Filter>
    </None>
    <None Include="..\..\deflektor-game\levels\level_09.nut">
      <Filter>Games\Deflector\levels</Filter>
    </None>
    <None Include="..\..\deflektor-game\levels\level_10.nut">
      <Filter>Games\Deflector\levels</Filter>
    </None>
    <None Include="..\..\deflektor-game\levels\level_11.nut">
      <Filter>Games\Deflector\levels</Filter>
    </None>
    <None Include="..\..\deflektor-game\levels\level_12.nut">
      <Filter>Games\Deflector\levels</Filter>
    </None>
    <None Include="..\..\deflektor-game\levels\level_13.nut">
      <Filter>Games\Deflector\levels</Filter>
    </None>
    <None Include="..\..\deflektor-game\levels\level_14.nut">
      <Filter>Games\Deflector\levels</Filter>
    </None>
    <None Include="..\..\deflektor-game\levels\level_15.nut">
      <Filter>Games\Deflector\levels</Filter>
    </None>
    <None Include="..\..\deflektor-game\levels\level_16.nut">
      <Filter>Games\Deflector\levels</Filter>
    </None>
    <None Include="..\..\deflektor-game\levels\level_17.nut">
      <Filter>Games\Deflector\levels</Filter>
    </None>
    <None Include="..\..\deflektor-game\levels\level_18.nut">
      <Filter>Games\Deflector\levels</Filter>
    </None>
    <None Include="..\..\deflektor-game\levels\level_19.nut">
      <Filter>Games\Deflector\levels</Filter>
    </None>
    <None Include="..\..\deflektor-game\levels\level_20.nut">
      <Filter>Games\Deflector\levels</Filter>
    </None>
    <None Include="..\..\deflektor-game\levels\level_21.nut">
      <Filter>Games\Deflector\levels</Filter>
    </None>
    <None Include="..\..\deflektor-game\levels\level_22.nut">
      <Filter>Games\Deflector\levels</Filter>
    </None>
    <None Include="..\..\deflektor-game\levels\level_23.nut">
      <Filter>Games\Deflector\levels</Filter>
    </None>
    <None Include="..\..\deflektor-game\levels\level_24.nut">
      <Filter>Games\Deflector\levels</Filter>
    </None>
    <None Include="..\..\deflektor-game\levels\level_25.nut">
      <Filter>Games\Deflector\levels</Filter>
    </None>
    <None Include="..\..\deflektor-game\levels\level_26.nut">
      <Filter>Games\Deflector\levels</Filter>
    </None>
    <None Include="..\..\deflektor-game\levels\level_27.nut">
      <Filter>Games\Deflector\levels</Filter>
    </None>
    <None Include="..\..\deflektor-game\levels\level_28.nut">
      <Filter>Games\Deflector\levels</Filter>
    </None>
    <None Include="..\..\deflektor-game\levels\level_29.nut">
      <Filter>Games\Deflector\levels</Filter>
    </None>
    <None Include="..\..\deflektor-game\levels\level_30.nut">
      <Filter>Games\Deflector\levels</Filter>
    </None>
    <None Include="..\..\deflektor-game\levels\level_31.nut">
      <Filter>Games\Deflector\levels</Filter>
    </None>
    <None Include="..\..\deflektor-game\levels\level_32.nut">
      <Filter>Games\Deflector\levels</Filter>
    </None>
    <None Include="..\..\deflektor-game\levels\level_33.nut">
      <Filter>Games\Deflector\levels</Filter>
    </None>
    <None Include="..\..\deflektor-game\levels\level_34.nut">
      <Filter>Games\Deflector\levels</Filter>
    </None>
    <None Include="..\..\deflektor-game\levels\level_35.nut">
      <Filter>Games\Deflector\levels</Filter>
    </None>
    <None Include="..\..\deflektor-game\levels\level_36.nut">
      <Filter>Games\Deflector\levels</Filter>
    </None>
    <None Include="..\..\deflektor-game\levels\level_37.nut">
      <Filter>Games\Deflector\levels</Filter>
    </None>
    <None Include="..\..\deflektor-game\levels\level_38.nut">
      <Filter>Games\Deflector\levels</Filter>
    </None>
    <None Include="..\..\deflektor-game\levels\level_39.nut">
      <Filter>Games\Deflector\levels</Filter>
    </None>
    <None Include="..\..\deflektor-game\levels\level_40.nut">
      <Filter>Games\Deflector\levels</Filter>
    </None>
    <None Include="..\..\deflektor-game\levels\level_41.nut">
      <Filter>Games\Deflector\levels</Filter>
    </None>
    <None Include="..\..\deflektor-game\levels\level_42.nut">
      <Filter>Games\Deflector\levels</Filter>
    </None>
    <None Include="..\..\deflektor-game\levels\level_43.nut">
      <Filter>Games\Deflector\levels</Filter>
    </None>
    <None Include="..\..\deflektor-game\levels\level_44.nut">
      <Filter>Games\Deflector\levels</Filter>
    </None>
    <None Include="..\..\deflektor-game\levels\level_45.nut">
      <Filter>Games\Deflector\levels</Filter>
    </None>
    <None Include="..\..\deflektor-game\levels\level_46.nut">
      <Filter>Games\Deflector\levels</Filter>
    </None>
    <None Include="..\..\deflektor-game\levels\level_47.nut">
      <Filter>Games\Deflector\levels</Filter>
    </None>
    <None Include="..\..\deflektor-game\levels\level_48.nut">
      <Filter>Games\Deflector\levels</Filter>
    </None>
    <None Include="..\..\deflektor-game\levels\level_49.nut">
      <Filter>Games\Deflector\levels</Filter>
    </None>
    <None Include="..\..\deflektor-game\levels\level_50.nut">
      <Filter>Games\Deflector\levels</Filter>
    </None>
    <None Include="..\..\deflektor-game\levels\level_51.nut">
      <Filter>Games\Deflector\levels</Filter>
    </None>
    <None Include="..\..\deflektor-game\levels\level_52.nut">
      <Filter>Games\Deflector\levels</Filter>
    </None>
    <None Include="..\..\deflektor-game\levels\level_53.nut">
      <Filter>Games\Deflector\levels</Filter>
    </None>
    <None Include="..\..\deflektor-game\levels\level_54.nut">
      <Filter>Games\Deflector\levels</Filter>
    </None>
    <None Include="..\..\deflektor-game\levels\level_55.nut">
      <Filter>Games\Deflector\levels</Filter>
    </None>
    <None Include="..\..\deflektor-game\levels\level_56.nut">
      <Filter>Games\Deflector\levels</Filter>
    </None>
    <None Include="..\..\deflektor-game\levels\level_57.nut">
      <Filter>Games\Deflector\levels</Filter>
    </None>
    <None Include="..\..\deflektor-game\levels\level_58.nut">
      <Filter>Games\Deflector\levels</Filter>
    </None>
    <None Include="..\..\deflektor-game\levels\level_59.nut">
      <Filter>Games\Deflector\levels</Filter>
    </None>
    <None Include="..\..\deflektor-game\levels\level_60.nut">
      <Filter>Games\Deflector\levels</Filter>
    </None>
    <None Include="..\..\deflektor-game\objects\barrier.nut">
      <Filter>Games\Deflector\objects</Filter>
    </None>
    <None Include="..\..\deflektor-game\objects\barrierholder.nut">
      <Filter>Games\Deflector\objects</Filter>
    </None>
    <None Include="..\..\deflektor-game\objects\bonus.nut">
      <Filter>Games\Deflector\objects</Filter>
    </None>
    <None Include="..\..\deflektor-game\objects\emitter.nut">
      <Filter>Games\Deflector\objects</Filter>
    </None>
    <None Include="..\..\deflektor-game\objects\mine.nut">
      <Filter>Games\Deflector\objects</Filter>
    </None>
    <None Include="..\..\deflektor-game\objects\mirror.nut">
      <Filter>Games\Deflector\objects</Filter>
    </None>
    <None Include="..\..\deflektor-game\objects\object.nut">
      <Filter>Games\Deflector\objects</Filter>
    </None>
    <None Include="..\..\deflektor-game\objects\portal.nut">
      <Filter>Games\Deflector\objects</Filter>
    </None>
    <None Include="..\..\deflektor-game\objects\randomizer.nut">
      <Filter>Games\Deflector\objects</Filter>
    </None>
    <None Include="..\..\deflektor-game\objects\receiver.nut">
      <Filter>Games\Deflector\objects</Filter>
    </None>
    <None Include="..\..\deflektor-game\objects\spinner.nut">
      <Filter>Games\Deflector\objects</Filter>
    </None>
    <None Include="..\..\deflektor-game\states\credits.nut">
      <Filter>Games\Deflector\states</Filter>
    </None>
    <None Include="..\..\deflektor-game\states\game.nut">
      <Filter>Games\Deflector\states</Filter>
    </None>
    <None Include="..\..\deflektor-game\states\igm.nut">
      <Filter>Games\Deflector\states</Filter>
    </None>
    <None Include="..\..\deflektor-game\states\info.nut">
      <Filter>Games\Deflector\states</Filter>
    </None>
    <None Include="..\..\deflektor-game\states\levellist.nut">
      <Filter>Games\Deflector\states</Filter>
    </None>
    <None Include="..\..\deflektor-game\states\logo.nut">
      <Filter>Games\Deflector\states</Filter>
    </None>
    <None Include="..\..\deflektor-game\states\mainmenu.nut">
      <Filter>Games\Deflector\states</Filter>
    </None>
    <None Include="..\..\deflektor-game\states\state.nut">
      <Filter>Games\Deflector\states</Filter>
    </None>
    <None Include="..\..\deflektor-game\ui\blinkingtext.nut">
      <Filter>Games\Deflector\ui</Filter>
    </None>
    <None Include="..\..\deflektor-game\ui\button.nut">
      <Filter>Games\Deflector\ui</Filter>
    </None>
    <None Include="..\..\deflektor-game\ui\hud.nut">
      <Filter>Games\Deflector\ui</Filter>
    </None>
    <None Include="..\..\deflektor-game\ui\progressbar.nut">
      <Filter>Games\Deflector\ui</Filter>
    </None>
    <None Include="..\..\breakout-game\main.nut">
      <Filter>Games\Breakout</Filter>
    </None>
    <None Include="..\..\breakout-game\ui\button.nut">
      <Filter>Games\Breakout\ui</Filter>
    </None>
    <None Include="..\..\breakout-game\ui\icon.nut">
      <Filter>Games\Breakout\ui</Filter>
    </None>
    <None Include="..\..\breakout-game\ui\iconbutton.nut">
      <Filter>Games\Breakout\ui</Filter>
    </None>
    <None Include="..\..\breakout-game\ui\panel.nut">
      <Filter>Games\Breakout\ui</Filter>
    </None>
    <None Include="..\..\breakout-game\ui\skinbutton.nut">
      <Filter>Games\Breakout\ui</Filter>
    </None>
    <None Include="..\..\breakout-game\ui\skinpanel.nut">
      <Filter>Games\Breakout\ui</Filter>
    </None>
    <None Include="..\..\breakout-game\ui\skintext.nut">
      <Filter>Games\Breakout\ui</Filter>
    </None>
    <None Include="..\..\breakout-game\ui\textbox.nut">
      <Filter>Games\Breakout\ui</Filter>
    </None>
    <None Include="..\..\breakout-game\ui\ui.nut">
      <Filter>Games\Breakout\ui</Filter>
    </None>
    <None Include="..\..\breakout-game\screens\screen.nut">
      <Filter>Games\Breakout\screens</Filter>
    </None>
    <None Include="..\..\breakout-game\screens\start.nut">
      <Filter>Games\Breakout\screens</Filter>
    </None>
    <None Include="..\..\breakout-game\screens\game.nut">
      <Filter>Games\Breakout\screens</Filter>
    </None>
    <None Include="..\..\breakout-game\paddle.nut">
      <Filter>Games\Breakout</Filter>
    </None>
    <None Include="..\..\breakout-game\ball.nut">
      <Filter>Games\Breakout</Filter>
    </None>
  </ItemGroup>
</Project>